// !$*UTF8*$!
{
	archiveVersion = 1;
	classes = {
	};
	objectVersion = 56;
	objects = {

/* Begin PBXBuildFile section */
		7B2192A72C0D7C1D00671BB1 /* RegristationViewModel.swift in Sources */ = {isa = PBXBuildFile; fileRef = 7B2192A62C0D7C1D00671BB1 /* RegristationViewModel.swift */; };
		7B2192A92C0D7DB700671BB1 /* AuthService.swift in Sources */ = {isa = PBXBuildFile; fileRef = 7B2192A82C0D7DB700671BB1 /* AuthService.swift */; };
		7B2192AC2C0D800C00671BB1 /* RegisterationModel.swift in Sources */ = {isa = PBXBuildFile; fileRef = 7B2192AB2C0D800C00671BB1 /* RegisterationModel.swift */; };
		7B2192AF2C0D807700671BB1 /* LoginViewModel.swift in Sources */ = {isa = PBXBuildFile; fileRef = 7B2192AE2C0D807600671BB1 /* LoginViewModel.swift */; };
		7B2192B12C0D809A00671BB1 /* LoginModel.swift in Sources */ = {isa = PBXBuildFile; fileRef = 7B2192B02C0D809A00671BB1 /* LoginModel.swift */; };
		7B2192B32C0D914D00671BB1 /* UserService.swift in Sources */ = {isa = PBXBuildFile; fileRef = 7B2192B22C0D914D00671BB1 /* UserService.swift */; };
		7B2192B52C0D9A7C00671BB1 /* User.swift in Sources */ = {isa = PBXBuildFile; fileRef = 7B2192B42C0D9A7C00671BB1 /* User.swift */; };
		7B2192B72C0DA6BB00671BB1 /* ContentViewModel.swift in Sources */ = {isa = PBXBuildFile; fileRef = 7B2192B62C0DA6BB00671BB1 /* ContentViewModel.swift */; };
		7B2192B92C0DB11000671BB1 /* GoogleService-Info.plist in Resources */ = {isa = PBXBuildFile; fileRef = 7B2192B82C0DB10F00671BB1 /* GoogleService-Info.plist */; };
		7B357B882C0B5FA00005EBAA /* FirebaseAnalytics in Frameworks */ = {isa = PBXBuildFile; productRef = 7B357B872C0B5FA00005EBAA /* FirebaseAnalytics */; };
		7B357B8A2C0B5FA00005EBAA /* FirebaseAnalyticsOnDeviceConversion in Frameworks */ = {isa = PBXBuildFile; productRef = 7B357B892C0B5FA00005EBAA /* FirebaseAnalyticsOnDeviceConversion */; };
		7B357B8C2C0B5FA00005EBAA /* FirebaseAnalyticsSwift in Frameworks */ = {isa = PBXBuildFile; productRef = 7B357B8B2C0B5FA00005EBAA /* FirebaseAnalyticsSwift */; };
		7B357B8E2C0B5FA00005EBAA /* FirebaseAnalyticsWithoutAdIdSupport in Frameworks */ = {isa = PBXBuildFile; productRef = 7B357B8D2C0B5FA00005EBAA /* FirebaseAnalyticsWithoutAdIdSupport */; };
		7B357B902C0B5FA00005EBAA /* FirebaseAppCheck in Frameworks */ = {isa = PBXBuildFile; productRef = 7B357B8F2C0B5FA00005EBAA /* FirebaseAppCheck */; };
		7B357B922C0B5FA00005EBAA /* FirebaseAppDistribution-Beta in Frameworks */ = {isa = PBXBuildFile; productRef = 7B357B912C0B5FA00005EBAA /* FirebaseAppDistribution-Beta */; };
		7B357B942C0B5FA00005EBAA /* FirebaseAuth in Frameworks */ = {isa = PBXBuildFile; productRef = 7B357B932C0B5FA00005EBAA /* FirebaseAuth */; };
		7B357B962C0B5FA00005EBAA /* FirebaseAuthCombine-Community in Frameworks */ = {isa = PBXBuildFile; productRef = 7B357B952C0B5FA00005EBAA /* FirebaseAuthCombine-Community */; };
		7B357B982C0B5FA00005EBAA /* FirebaseCrashlytics in Frameworks */ = {isa = PBXBuildFile; productRef = 7B357B972C0B5FA00005EBAA /* FirebaseCrashlytics */; };
		7B357B9A2C0B5FA00005EBAA /* FirebaseDatabase in Frameworks */ = {isa = PBXBuildFile; productRef = 7B357B992C0B5FA00005EBAA /* FirebaseDatabase */; };
		7B357B9C2C0B5FA00005EBAA /* FirebaseDatabaseSwift in Frameworks */ = {isa = PBXBuildFile; productRef = 7B357B9B2C0B5FA00005EBAA /* FirebaseDatabaseSwift */; };
		7B357B9E2C0B5FA00005EBAA /* FirebaseDynamicLinks in Frameworks */ = {isa = PBXBuildFile; productRef = 7B357B9D2C0B5FA00005EBAA /* FirebaseDynamicLinks */; };
		7B357BA02C0B5FA00005EBAA /* FirebaseFirestore in Frameworks */ = {isa = PBXBuildFile; productRef = 7B357B9F2C0B5FA00005EBAA /* FirebaseFirestore */; };
		7B357BA22C0B5FA00005EBAA /* FirebaseFirestoreCombine-Community in Frameworks */ = {isa = PBXBuildFile; productRef = 7B357BA12C0B5FA00005EBAA /* FirebaseFirestoreCombine-Community */; };
		7B357BA42C0B5FA00005EBAA /* FirebaseFirestoreSwift in Frameworks */ = {isa = PBXBuildFile; productRef = 7B357BA32C0B5FA00005EBAA /* FirebaseFirestoreSwift */; };
		7B357BA62C0B5FA00005EBAA /* FirebaseFunctions in Frameworks */ = {isa = PBXBuildFile; productRef = 7B357BA52C0B5FA00005EBAA /* FirebaseFunctions */; };
		7B357BA82C0B5FA00005EBAA /* FirebaseFunctionsCombine-Community in Frameworks */ = {isa = PBXBuildFile; productRef = 7B357BA72C0B5FA00005EBAA /* FirebaseFunctionsCombine-Community */; };
		7B357BAA2C0B5FA00005EBAA /* FirebaseInAppMessaging-Beta in Frameworks */ = {isa = PBXBuildFile; productRef = 7B357BA92C0B5FA00005EBAA /* FirebaseInAppMessaging-Beta */; };
		7B357BAC2C0B5FA00005EBAA /* FirebaseInAppMessagingSwift-Beta in Frameworks */ = {isa = PBXBuildFile; productRef = 7B357BAB2C0B5FA00005EBAA /* FirebaseInAppMessagingSwift-Beta */; };
		7B357BAE2C0B5FA00005EBAA /* FirebaseInstallations in Frameworks */ = {isa = PBXBuildFile; productRef = 7B357BAD2C0B5FA00005EBAA /* FirebaseInstallations */; };
		7B357BB02C0B5FA00005EBAA /* FirebaseStorage in Frameworks */ = {isa = PBXBuildFile; productRef = 7B357BAF2C0B5FA00005EBAA /* FirebaseStorage */; };
		7B5C18AD2C00C52300EFCCBD /* ProfileImageView.swift in Sources */ = {isa = PBXBuildFile; fileRef = 7B5C18AC2C00C52300EFCCBD /* ProfileImageView.swift */; };
		7B5C18AF2C00C6EA00EFCCBD /* UserSelf.swift in Sources */ = {isa = PBXBuildFile; fileRef = 7B5C18AE2C00C6EA00EFCCBD /* UserSelf.swift */; };
		7B5C18B22C00D51200EFCCBD /* ProfileSpeachFilter.swift in Sources */ = {isa = PBXBuildFile; fileRef = 7B5C18B12C00D51200EFCCBD /* ProfileSpeachFilter.swift */; };
		7B9755EE2C04BF8D00A75D7E /* CreateSpeachView.swift in Sources */ = {isa = PBXBuildFile; fileRef = 7B9755ED2C04BF8D00A75D7E /* CreateSpeachView.swift */; };
		7B99D72E2C01E58100974AF6 /* EditProfileView.swift in Sources */ = {isa = PBXBuildFile; fileRef = 7B99D72D2C01E58100974AF6 /* EditProfileView.swift */; };
		7BD00E5E2BFEEDAC002C1F23 /* speachApp.swift in Sources */ = {isa = PBXBuildFile; fileRef = 7BD00E5D2BFEEDAB002C1F23 /* speachApp.swift */; };
		7BD00E602BFEEDAC002C1F23 /* ContentView.swift in Sources */ = {isa = PBXBuildFile; fileRef = 7BD00E5F2BFEEDAC002C1F23 /* ContentView.swift */; };
		7BD00E622BFEEDAD002C1F23 /* Assets.xcassets in Resources */ = {isa = PBXBuildFile; fileRef = 7BD00E612BFEEDAD002C1F23 /* Assets.xcassets */; };
		7BD00E652BFEEDAD002C1F23 /* Preview Assets.xcassets in Resources */ = {isa = PBXBuildFile; fileRef = 7BD00E642BFEEDAD002C1F23 /* Preview Assets.xcassets */; };
		7BD00E762BFEEEE8002C1F23 /* LoginView.swift in Sources */ = {isa = PBXBuildFile; fileRef = 7BD00E752BFEEEE8002C1F23 /* LoginView.swift */; };
		7BD00E782BFEF6C0002C1F23 /* RegristationView.swift in Sources */ = {isa = PBXBuildFile; fileRef = 7BD00E772BFEF6C0002C1F23 /* RegristationView.swift */; };
		7BD00E7B2BFEFB0B002C1F23 /* SpeachModifier.swift in Sources */ = {isa = PBXBuildFile; fileRef = 7BD00E7A2BFEFB0B002C1F23 /* SpeachModifier.swift */; };
		7BD00E7E2BFF5414002C1F23 /* SpeachTabView.swift in Sources */ = {isa = PBXBuildFile; fileRef = 7BD00E7D2BFF5414002C1F23 /* SpeachTabView.swift */; };
		7BD00E812BFF6778002C1F23 /* FeedView.swift in Sources */ = {isa = PBXBuildFile; fileRef = 7BD00E802BFF6778002C1F23 /* FeedView.swift */; };
		7BD00E862BFF67F7002C1F23 /* ExploreView.swift in Sources */ = {isa = PBXBuildFile; fileRef = 7BD00E852BFF67F7002C1F23 /* ExploreView.swift */; };
		7BD00E8A2BFF682A002C1F23 /* SpeachView.swift in Sources */ = {isa = PBXBuildFile; fileRef = 7BD00E892BFF682A002C1F23 /* SpeachView.swift */; };
		7BD00E8E2BFF6853002C1F23 /* ActivityView.swift in Sources */ = {isa = PBXBuildFile; fileRef = 7BD00E8D2BFF6853002C1F23 /* ActivityView.swift */; };
		7BD00E922BFF687A002C1F23 /* ProfileView.swift in Sources */ = {isa = PBXBuildFile; fileRef = 7BD00E912BFF687A002C1F23 /* ProfileView.swift */; };
		7BD00E942BFF6B0D002C1F23 /* SpeachSelf.swift in Sources */ = {isa = PBXBuildFile; fileRef = 7BD00E932BFF6B0D002C1F23 /* SpeachSelf.swift */; };
/* End PBXBuildFile section */

/* Begin PBXFileReference section */
		7B2192A62C0D7C1D00671BB1 /* RegristationViewModel.swift */ = {isa = PBXFileReference; lastKnownFileType = sourcecode.swift; path = RegristationViewModel.swift; sourceTree = "<group>"; };
		7B2192A82C0D7DB700671BB1 /* AuthService.swift */ = {isa = PBXFileReference; lastKnownFileType = sourcecode.swift; path = AuthService.swift; sourceTree = "<group>"; };
		7B2192AB2C0D800C00671BB1 /* RegisterationModel.swift */ = {isa = PBXFileReference; lastKnownFileType = sourcecode.swift; path = RegisterationModel.swift; sourceTree = "<group>"; };
		7B2192AE2C0D807600671BB1 /* LoginViewModel.swift */ = {isa = PBXFileReference; lastKnownFileType = sourcecode.swift; path = LoginViewModel.swift; sourceTree = "<group>"; };
		7B2192B02C0D809A00671BB1 /* LoginModel.swift */ = {isa = PBXFileReference; lastKnownFileType = sourcecode.swift; path = LoginModel.swift; sourceTree = "<group>"; };
		7B2192B22C0D914D00671BB1 /* UserService.swift */ = {isa = PBXFileReference; lastKnownFileType = sourcecode.swift; path = UserService.swift; sourceTree = "<group>"; };
		7B2192B42C0D9A7C00671BB1 /* User.swift */ = {isa = PBXFileReference; lastKnownFileType = sourcecode.swift; path = User.swift; sourceTree = "<group>"; };
		7B2192B62C0DA6BB00671BB1 /* ContentViewModel.swift */ = {isa = PBXFileReference; lastKnownFileType = sourcecode.swift; path = ContentViewModel.swift; sourceTree = "<group>"; };
		7B2192B82C0DB10F00671BB1 /* GoogleService-Info.plist */ = {isa = PBXFileReference; fileEncoding = 4; lastKnownFileType = text.plist.xml; path = "GoogleService-Info.plist"; sourceTree = "<group>"; };
		7B5C18AC2C00C52300EFCCBD /* ProfileImageView.swift */ = {isa = PBXFileReference; lastKnownFileType = sourcecode.swift; path = ProfileImageView.swift; sourceTree = "<group>"; };
		7B5C18AE2C00C6EA00EFCCBD /* UserSelf.swift */ = {isa = PBXFileReference; lastKnownFileType = sourcecode.swift; path = UserSelf.swift; sourceTree = "<group>"; };
		7B5C18B12C00D51200EFCCBD /* ProfileSpeachFilter.swift */ = {isa = PBXFileReference; lastKnownFileType = sourcecode.swift; path = ProfileSpeachFilter.swift; sourceTree = "<group>"; };
		7B9755ED2C04BF8D00A75D7E /* CreateSpeachView.swift */ = {isa = PBXFileReference; lastKnownFileType = sourcecode.swift; path = CreateSpeachView.swift; sourceTree = "<group>"; };
		7B99D72D2C01E58100974AF6 /* EditProfileView.swift */ = {isa = PBXFileReference; lastKnownFileType = sourcecode.swift; path = EditProfileView.swift; sourceTree = "<group>"; };
		7BD00E5A2BFEEDAB002C1F23 /* speach.app */ = {isa = PBXFileReference; explicitFileType = wrapper.application; includeInIndex = 0; path = speach.app; sourceTree = BUILT_PRODUCTS_DIR; };
		7BD00E5D2BFEEDAB002C1F23 /* speachApp.swift */ = {isa = PBXFileReference; lastKnownFileType = sourcecode.swift; path = speachApp.swift; sourceTree = "<group>"; };
		7BD00E5F2BFEEDAC002C1F23 /* ContentView.swift */ = {isa = PBXFileReference; lastKnownFileType = sourcecode.swift; path = ContentView.swift; sourceTree = "<group>"; };
		7BD00E612BFEEDAD002C1F23 /* Assets.xcassets */ = {isa = PBXFileReference; lastKnownFileType = folder.assetcatalog; path = Assets.xcassets; sourceTree = "<group>"; };
		7BD00E642BFEEDAD002C1F23 /* Preview Assets.xcassets */ = {isa = PBXFileReference; lastKnownFileType = folder.assetcatalog; path = "Preview Assets.xcassets"; sourceTree = "<group>"; };
		7BD00E752BFEEEE8002C1F23 /* LoginView.swift */ = {isa = PBXFileReference; lastKnownFileType = sourcecode.swift; path = LoginView.swift; sourceTree = "<group>"; };
		7BD00E772BFEF6C0002C1F23 /* RegristationView.swift */ = {isa = PBXFileReference; lastKnownFileType = sourcecode.swift; path = RegristationView.swift; sourceTree = "<group>"; };
		7BD00E7A2BFEFB0B002C1F23 /* SpeachModifier.swift */ = {isa = PBXFileReference; lastKnownFileType = sourcecode.swift; path = SpeachModifier.swift; sourceTree = "<group>"; };
		7BD00E7D2BFF5414002C1F23 /* SpeachTabView.swift */ = {isa = PBXFileReference; lastKnownFileType = sourcecode.swift; path = SpeachTabView.swift; sourceTree = "<group>"; };
		7BD00E802BFF6778002C1F23 /* FeedView.swift */ = {isa = PBXFileReference; lastKnownFileType = sourcecode.swift; path = FeedView.swift; sourceTree = "<group>"; };
		7BD00E852BFF67F7002C1F23 /* ExploreView.swift */ = {isa = PBXFileReference; lastKnownFileType = sourcecode.swift; path = ExploreView.swift; sourceTree = "<group>"; };
		7BD00E892BFF682A002C1F23 /* SpeachView.swift */ = {isa = PBXFileReference; lastKnownFileType = sourcecode.swift; path = SpeachView.swift; sourceTree = "<group>"; };
		7BD00E8D2BFF6853002C1F23 /* ActivityView.swift */ = {isa = PBXFileReference; lastKnownFileType = sourcecode.swift; path = ActivityView.swift; sourceTree = "<group>"; };
		7BD00E912BFF687A002C1F23 /* ProfileView.swift */ = {isa = PBXFileReference; lastKnownFileType = sourcecode.swift; path = ProfileView.swift; sourceTree = "<group>"; };
		7BD00E932BFF6B0D002C1F23 /* SpeachSelf.swift */ = {isa = PBXFileReference; lastKnownFileType = sourcecode.swift; path = SpeachSelf.swift; sourceTree = "<group>"; };
/* End PBXFileReference section */

/* Begin PBXFrameworksBuildPhase section */
		7BD00E572BFEEDAB002C1F23 /* Frameworks */ = {
			isa = PBXFrameworksBuildPhase;
			buildActionMask = 2147483647;
			files = (
				7B357B9A2C0B5FA00005EBAA /* FirebaseDatabase in Frameworks */,
				7B357BA82C0B5FA00005EBAA /* FirebaseFunctionsCombine-Community in Frameworks */,
				7B357BA02C0B5FA00005EBAA /* FirebaseFirestore in Frameworks */,
				7B357B8C2C0B5FA00005EBAA /* FirebaseAnalyticsSwift in Frameworks */,
				7B357B882C0B5FA00005EBAA /* FirebaseAnalytics in Frameworks */,
				7B357B8A2C0B5FA00005EBAA /* FirebaseAnalyticsOnDeviceConversion in Frameworks */,
				7B357BA42C0B5FA00005EBAA /* FirebaseFirestoreSwift in Frameworks */,
				7B357B902C0B5FA00005EBAA /* FirebaseAppCheck in Frameworks */,
				7B357B8E2C0B5FA00005EBAA /* FirebaseAnalyticsWithoutAdIdSupport in Frameworks */,
				7B357B942C0B5FA00005EBAA /* FirebaseAuth in Frameworks */,
				7B357B982C0B5FA00005EBAA /* FirebaseCrashlytics in Frameworks */,
				7B357BB02C0B5FA00005EBAA /* FirebaseStorage in Frameworks */,
				7B357BAA2C0B5FA00005EBAA /* FirebaseInAppMessaging-Beta in Frameworks */,
				7B357B9C2C0B5FA00005EBAA /* FirebaseDatabaseSwift in Frameworks */,
				7B357BA62C0B5FA00005EBAA /* FirebaseFunctions in Frameworks */,
				7B357B922C0B5FA00005EBAA /* FirebaseAppDistribution-Beta in Frameworks */,
				7B357B962C0B5FA00005EBAA /* FirebaseAuthCombine-Community in Frameworks */,
				7B357BAC2C0B5FA00005EBAA /* FirebaseInAppMessagingSwift-Beta in Frameworks */,
				7B357B9E2C0B5FA00005EBAA /* FirebaseDynamicLinks in Frameworks */,
				7B357BA22C0B5FA00005EBAA /* FirebaseFirestoreCombine-Community in Frameworks */,
				7B357BAE2C0B5FA00005EBAA /* FirebaseInstallations in Frameworks */,
			);
			runOnlyForDeploymentPostprocessing = 0;
		};
/* End PBXFrameworksBuildPhase section */

/* Begin PBXGroup section */
		7B2192A42C0D7BD100671BB1 /* Service */ = {
			isa = PBXGroup;
			children = (
				7B2192A82C0D7DB700671BB1 /* AuthService.swift */,
			);
			path = Service;
			sourceTree = "<group>";
		};
		7B2192A52C0D7BFA00671BB1 /* ViewModel */ = {
			isa = PBXGroup;
			children = (
				7B2192A62C0D7C1D00671BB1 /* RegristationViewModel.swift */,
				7B2192AE2C0D807600671BB1 /* LoginViewModel.swift */,
			);
			path = ViewModel;
			sourceTree = "<group>";
		};
		7B2192AA2C0D7FEF00671BB1 /* Model */ = {
			isa = PBXGroup;
			children = (
				7B2192AB2C0D800C00671BB1 /* RegisterationModel.swift */,
				7B2192B02C0D809A00671BB1 /* LoginModel.swift */,
			);
			path = Model;
			sourceTree = "<group>";
		};
		7B5C18AB2C00C50200EFCCBD /* Component */ = {
			isa = PBXGroup;
			children = (
				7B5C18AC2C00C52300EFCCBD /* ProfileImageView.swift */,
				7B5C18AE2C00C6EA00EFCCBD /* UserSelf.swift */,
			);
			path = Component;
			sourceTree = "<group>";
		};
		7B5C18B02C00D4FC00EFCCBD /* Model */ = {
			isa = PBXGroup;
			children = (
				7B5C18B12C00D51200EFCCBD /* ProfileSpeachFilter.swift */,
			);
			path = Model;
			sourceTree = "<group>";
		};
		7B9755EB2C04BF5900A75D7E /* CreateSpeach */ = {
			isa = PBXGroup;
			children = (
				7B9755EC2C04BF6E00A75D7E /* View */,
			);
			path = CreateSpeach;
			sourceTree = "<group>";
		};
		7B9755EC2C04BF6E00A75D7E /* View */ = {
			isa = PBXGroup;
			children = (
				7B9755ED2C04BF8D00A75D7E /* CreateSpeachView.swift */,
			);
			path = View;
			sourceTree = "<group>";
		};
		7B99D72B2C01E54700974AF6 /* EditProfile */ = {
			isa = PBXGroup;
			children = (
				7B99D72C2C01E56B00974AF6 /* View */,
			);
			path = EditProfile;
			sourceTree = "<group>";
		};
		7B99D72C2C01E56B00974AF6 /* View */ = {
			isa = PBXGroup;
			children = (
				7B99D72D2C01E58100974AF6 /* EditProfileView.swift */,
			);
			path = View;
			sourceTree = "<group>";
		};
		7BD00E512BFEEDAB002C1F23 = {
			isa = PBXGroup;
			children = (
				7BD00E5C2BFEEDAB002C1F23 /* speach */,
				7BD00E5B2BFEEDAB002C1F23 /* Products */,
			);
			sourceTree = "<group>";
		};
		7BD00E5B2BFEEDAB002C1F23 /* Products */ = {
			isa = PBXGroup;
			children = (
				7BD00E5A2BFEEDAB002C1F23 /* speach.app */,
			);
			name = Products;
			sourceTree = "<group>";
		};
		7BD00E5C2BFEEDAB002C1F23 /* speach */ = {
			isa = PBXGroup;
			children = (
				7BD00E702BFEEE07002C1F23 /* App */,
				7BD00E6F2BFEEE04002C1F23 /* Core */,
				7BD00E6E2BFEEE02002C1F23 /* Extensions */,
				7BD00E6D2BFEEDFE002C1F23 /* Model */,
				7BD00E6B2BFEEDEE002C1F23 /* Services */,
				7BD00E712BFEEE75002C1F23 /* Utils */,
				7BD00E632BFEEDAD002C1F23 /* Preview Content */,
			);
			path = speach;
			sourceTree = "<group>";
		};
		7BD00E632BFEEDAD002C1F23 /* Preview Content */ = {
			isa = PBXGroup;
			children = (
				7BD00E642BFEEDAD002C1F23 /* Preview Assets.xcassets */,
			);
			path = "Preview Content";
			sourceTree = "<group>";
		};
		7BD00E6B2BFEEDEE002C1F23 /* Services */ = {
			isa = PBXGroup;
			children = (
				7B2192B22C0D914D00671BB1 /* UserService.swift */,
			);
			path = Services;
			sourceTree = "<group>";
		};
		7BD00E6D2BFEEDFE002C1F23 /* Model */ = {
			isa = PBXGroup;
			children = (
				7B2192B42C0D9A7C00671BB1 /* User.swift */,
			);
			path = Model;
			sourceTree = "<group>";
		};
		7BD00E6E2BFEEE02002C1F23 /* Extensions */ = {
			isa = PBXGroup;
			children = (
			);
			path = Extensions;
			sourceTree = "<group>";
		};
		7BD00E6F2BFEEE04002C1F23 /* Core */ = {
			isa = PBXGroup;
			children = (
				7B9755EB2C04BF5900A75D7E /* CreateSpeach */,
				7B5C18AB2C00C50200EFCCBD /* Component */,
				7BD00E8F2BFF6857002C1F23 /* Profile */,
				7BD00E8B2BFF683A002C1F23 /* Activity */,
				7BD00E872BFF6811002C1F23 /* Speach */,
				7BD00E832BFF67DE002C1F23 /* Explore */,
				7BD00E822BFF67D1002C1F23 /* Feed */,
				7BD00E7C2BFF53B8002C1F23 /* TabBar */,
				7BD00E732BFEEEB1002C1F23 /* Root */,
				7BD00E722BFEEE9D002C1F23 /* Authentication */,
			);
			path = Core;
			sourceTree = "<group>";
		};
		7BD00E702BFEEE07002C1F23 /* App */ = {
			isa = PBXGroup;
			children = (
				7BD00E612BFEEDAD002C1F23 /* Assets.xcassets */,
				7B2192B82C0DB10F00671BB1 /* GoogleService-Info.plist */,
				7BD00E5D2BFEEDAB002C1F23 /* speachApp.swift */,
			);
			path = App;
			sourceTree = "<group>";
		};
		7BD00E712BFEEE75002C1F23 /* Utils */ = {
			isa = PBXGroup;
			children = (
				7BD00E792BFEFADA002C1F23 /* ViewModifier */,
			);
			path = Utils;
			sourceTree = "<group>";
		};
		7BD00E722BFEEE9D002C1F23 /* Authentication */ = {
			isa = PBXGroup;
			children = (
				7B2192AA2C0D7FEF00671BB1 /* Model */,
				7B2192A52C0D7BFA00671BB1 /* ViewModel */,
				7B2192A42C0D7BD100671BB1 /* Service */,
				7BD00E742BFEEEC8002C1F23 /* Views */,
			);
			path = Authentication;
			sourceTree = "<group>";
		};
		7BD00E732BFEEEB1002C1F23 /* Root */ = {
			isa = PBXGroup;
			children = (
				7BD00E5F2BFEEDAC002C1F23 /* ContentView.swift */,
				7B2192B62C0DA6BB00671BB1 /* ContentViewModel.swift */,
			);
			path = Root;
			sourceTree = "<group>";
		};
		7BD00E742BFEEEC8002C1F23 /* Views */ = {
			isa = PBXGroup;
			children = (
				7BD00E752BFEEEE8002C1F23 /* LoginView.swift */,
				7BD00E772BFEF6C0002C1F23 /* RegristationView.swift */,
			);
			path = Views;
			sourceTree = "<group>";
		};
		7BD00E792BFEFADA002C1F23 /* ViewModifier */ = {
			isa = PBXGroup;
			children = (
				7BD00E7A2BFEFB0B002C1F23 /* SpeachModifier.swift */,
			);
			path = ViewModifier;
			sourceTree = "<group>";
		};
		7BD00E7C2BFF53B8002C1F23 /* TabBar */ = {
			isa = PBXGroup;
			children = (
				7BD00E7D2BFF5414002C1F23 /* SpeachTabView.swift */,
			);
			path = TabBar;
			sourceTree = "<group>";
		};
		7BD00E7F2BFF6757002C1F23 /* Views */ = {
			isa = PBXGroup;
			children = (
				7BD00E802BFF6778002C1F23 /* FeedView.swift */,
				7BD00E932BFF6B0D002C1F23 /* SpeachSelf.swift */,
			);
			path = Views;
			sourceTree = "<group>";
		};
		7BD00E822BFF67D1002C1F23 /* Feed */ = {
			isa = PBXGroup;
			children = (
				7BD00E7F2BFF6757002C1F23 /* Views */,
			);
			path = Feed;
			sourceTree = "<group>";
		};
		7BD00E832BFF67DE002C1F23 /* Explore */ = {
			isa = PBXGroup;
			children = (
				7BD00E842BFF67E5002C1F23 /* Views */,
			);
			path = Explore;
			sourceTree = "<group>";
		};
		7BD00E842BFF67E5002C1F23 /* Views */ = {
			isa = PBXGroup;
			children = (
				7BD00E852BFF67F7002C1F23 /* ExploreView.swift */,
			);
			path = Views;
			sourceTree = "<group>";
		};
		7BD00E872BFF6811002C1F23 /* Speach */ = {
			isa = PBXGroup;
			children = (
				7BD00E882BFF681A002C1F23 /* View */,
			);
			path = Speach;
			sourceTree = "<group>";
		};
		7BD00E882BFF681A002C1F23 /* View */ = {
			isa = PBXGroup;
			children = (
				7BD00E892BFF682A002C1F23 /* SpeachView.swift */,
			);
			path = View;
			sourceTree = "<group>";
		};
		7BD00E8B2BFF683A002C1F23 /* Activity */ = {
			isa = PBXGroup;
			children = (
				7BD00E8C2BFF6841002C1F23 /* View */,
			);
			path = Activity;
			sourceTree = "<group>";
		};
		7BD00E8C2BFF6841002C1F23 /* View */ = {
			isa = PBXGroup;
			children = (
				7BD00E8D2BFF6853002C1F23 /* ActivityView.swift */,
			);
			path = View;
			sourceTree = "<group>";
		};
		7BD00E8F2BFF6857002C1F23 /* Profile */ = {
			isa = PBXGroup;
			children = (
				7B99D72B2C01E54700974AF6 /* EditProfile */,
				7B5C18B02C00D4FC00EFCCBD /* Model */,
				7BD00E902BFF6862002C1F23 /* View */,
			);
			path = Profile;
			sourceTree = "<group>";
		};
		7BD00E902BFF6862002C1F23 /* View */ = {
			isa = PBXGroup;
			children = (
				7BD00E912BFF687A002C1F23 /* ProfileView.swift */,
			);
			path = View;
			sourceTree = "<group>";
		};
/* End PBXGroup section */

/* Begin PBXNativeTarget section */
		7BD00E592BFEEDAB002C1F23 /* speach */ = {
			isa = PBXNativeTarget;
			buildConfigurationList = 7BD00E682BFEEDAD002C1F23 /* Build configuration list for PBXNativeTarget "speach" */;
			buildPhases = (
				7BD00E562BFEEDAB002C1F23 /* Sources */,
				7BD00E572BFEEDAB002C1F23 /* Frameworks */,
				7BD00E582BFEEDAB002C1F23 /* Resources */,
			);
			buildRules = (
			);
			dependencies = (
			);
			name = speach;
			packageProductDependencies = (
				7B357B872C0B5FA00005EBAA /* FirebaseAnalytics */,
				7B357B892C0B5FA00005EBAA /* FirebaseAnalyticsOnDeviceConversion */,
				7B357B8B2C0B5FA00005EBAA /* FirebaseAnalyticsSwift */,
				7B357B8D2C0B5FA00005EBAA /* FirebaseAnalyticsWithoutAdIdSupport */,
				7B357B8F2C0B5FA00005EBAA /* FirebaseAppCheck */,
				7B357B912C0B5FA00005EBAA /* FirebaseAppDistribution-Beta */,
				7B357B932C0B5FA00005EBAA /* FirebaseAuth */,
				7B357B952C0B5FA00005EBAA /* FirebaseAuthCombine-Community */,
				7B357B972C0B5FA00005EBAA /* FirebaseCrashlytics */,
				7B357B992C0B5FA00005EBAA /* FirebaseDatabase */,
				7B357B9B2C0B5FA00005EBAA /* FirebaseDatabaseSwift */,
				7B357B9D2C0B5FA00005EBAA /* FirebaseDynamicLinks */,
				7B357B9F2C0B5FA00005EBAA /* FirebaseFirestore */,
				7B357BA12C0B5FA00005EBAA /* FirebaseFirestoreCombine-Community */,
				7B357BA32C0B5FA00005EBAA /* FirebaseFirestoreSwift */,
				7B357BA52C0B5FA00005EBAA /* FirebaseFunctions */,
				7B357BA72C0B5FA00005EBAA /* FirebaseFunctionsCombine-Community */,
				7B357BA92C0B5FA00005EBAA /* FirebaseInAppMessaging-Beta */,
				7B357BAB2C0B5FA00005EBAA /* FirebaseInAppMessagingSwift-Beta */,
				7B357BAD2C0B5FA00005EBAA /* FirebaseInstallations */,
				7B357BAF2C0B5FA00005EBAA /* FirebaseStorage */,
			);
			productName = speach;
			productReference = 7BD00E5A2BFEEDAB002C1F23 /* speach.app */;
			productType = "com.apple.product-type.application";
		};
/* End PBXNativeTarget section */

/* Begin PBXProject section */
		7BD00E522BFEEDAB002C1F23 /* Project object */ = {
			isa = PBXProject;
			attributes = {
				BuildIndependentTargetsInParallel = 1;
				LastSwiftUpdateCheck = 1540;
				LastUpgradeCheck = 1540;
				TargetAttributes = {
					7BD00E592BFEEDAB002C1F23 = {
						CreatedOnToolsVersion = 15.4;
					};
				};
			};
			buildConfigurationList = 7BD00E552BFEEDAB002C1F23 /* Build configuration list for PBXProject "speach" */;
			compatibilityVersion = "Xcode 14.0";
			developmentRegion = en;
			hasScannedForEncodings = 0;
			knownRegions = (
				en,
				Base,
			);
			mainGroup = 7BD00E512BFEEDAB002C1F23;
			packageReferences = (
				7B357B862C0B5FA00005EBAA /* XCRemoteSwiftPackageReference "firebase-ios-sdk" */,
			);
			productRefGroup = 7BD00E5B2BFEEDAB002C1F23 /* Products */;
			projectDirPath = "";
			projectRoot = "";
			targets = (
				7BD00E592BFEEDAB002C1F23 /* speach */,
			);
		};
/* End PBXProject section */

/* Begin PBXResourcesBuildPhase section */
		7BD00E582BFEEDAB002C1F23 /* Resources */ = {
			isa = PBXResourcesBuildPhase;
			buildActionMask = 2147483647;
			files = (
				7BD00E652BFEEDAD002C1F23 /* Preview Assets.xcassets in Resources */,
				7BD00E622BFEEDAD002C1F23 /* Assets.xcassets in Resources */,
				7B2192B92C0DB11000671BB1 /* GoogleService-Info.plist in Resources */,
			);
			runOnlyForDeploymentPostprocessing = 0;
		};
/* End PBXResourcesBuildPhase section */

/* Begin PBXSourcesBuildPhase section */
		7BD00E562BFEEDAB002C1F23 /* Sources */ = {
			isa = PBXSourcesBuildPhase;
			buildActionMask = 2147483647;
			files = (
				7BD00E812BFF6778002C1F23 /* FeedView.swift in Sources */,
				7BD00E762BFEEEE8002C1F23 /* LoginView.swift in Sources */,
				7B99D72E2C01E58100974AF6 /* EditProfileView.swift in Sources */,
				7B2192B12C0D809A00671BB1 /* LoginModel.swift in Sources */,
				7B2192A72C0D7C1D00671BB1 /* RegristationViewModel.swift in Sources */,
				7B2192AC2C0D800C00671BB1 /* RegisterationModel.swift in Sources */,
				7B9755EE2C04BF8D00A75D7E /* CreateSpeachView.swift in Sources */,
				7B2192B32C0D914D00671BB1 /* UserService.swift in Sources */,
				7BD00E7B2BFEFB0B002C1F23 /* SpeachModifier.swift in Sources */,
				7B2192B72C0DA6BB00671BB1 /* ContentViewModel.swift in Sources */,
				7B2192A92C0D7DB700671BB1 /* AuthService.swift in Sources */,
				7BD00E8E2BFF6853002C1F23 /* ActivityView.swift in Sources */,
				7B5C18AF2C00C6EA00EFCCBD /* UserSelf.swift in Sources */,
				7B5C18AD2C00C52300EFCCBD /* ProfileImageView.swift in Sources */,
				7BD00E8A2BFF682A002C1F23 /* SpeachView.swift in Sources */,
				7BD00E942BFF6B0D002C1F23 /* SpeachSelf.swift in Sources */,
				7BD00E7E2BFF5414002C1F23 /* SpeachTabView.swift in Sources */,
				7BD00E602BFEEDAC002C1F23 /* ContentView.swift in Sources */,
				7BD00E5E2BFEEDAC002C1F23 /* speachApp.swift in Sources */,
				7BD00E862BFF67F7002C1F23 /* ExploreView.swift in Sources */,
				7BD00E922BFF687A002C1F23 /* ProfileView.swift in Sources */,
				7B2192B52C0D9A7C00671BB1 /* User.swift in Sources */,
				7BD00E782BFEF6C0002C1F23 /* RegristationView.swift in Sources */,
				7B5C18B22C00D51200EFCCBD /* ProfileSpeachFilter.swift in Sources */,
				7B2192AF2C0D807700671BB1 /* LoginViewModel.swift in Sources */,
			);
			runOnlyForDeploymentPostprocessing = 0;
		};
/* End PBXSourcesBuildPhase section */

/* Begin XCBuildConfiguration section */
		7BD00E662BFEEDAD002C1F23 /* Debug */ = {
			isa = XCBuildConfiguration;
			buildSettings = {
				ALWAYS_SEARCH_USER_PATHS = NO;
				ASSETCATALOG_COMPILER_GENERATE_SWIFT_ASSET_SYMBOL_EXTENSIONS = YES;
				CLANG_ANALYZER_NONNULL = YES;
				CLANG_ANALYZER_NUMBER_OBJECT_CONVERSION = YES_AGGRESSIVE;
				CLANG_CXX_LANGUAGE_STANDARD = "gnu++20";
				CLANG_ENABLE_MODULES = YES;
				CLANG_ENABLE_OBJC_ARC = YES;
				CLANG_ENABLE_OBJC_WEAK = YES;
				CLANG_WARN_BLOCK_CAPTURE_AUTORELEASING = YES;
				CLANG_WARN_BOOL_CONVERSION = YES;
				CLANG_WARN_COMMA = YES;
				CLANG_WARN_CONSTANT_CONVERSION = YES;
				CLANG_WARN_DEPRECATED_OBJC_IMPLEMENTATIONS = YES;
				CLANG_WARN_DIRECT_OBJC_ISA_USAGE = YES_ERROR;
				CLANG_WARN_DOCUMENTATION_COMMENTS = YES;
				CLANG_WARN_EMPTY_BODY = YES;
				CLANG_WARN_ENUM_CONVERSION = YES;
				CLANG_WARN_INFINITE_RECURSION = YES;
				CLANG_WARN_INT_CONVERSION = YES;
				CLANG_WARN_NON_LITERAL_NULL_CONVERSION = YES;
				CLANG_WARN_OBJC_IMPLICIT_RETAIN_SELF = YES;
				CLANG_WARN_OBJC_LITERAL_CONVERSION = YES;
				CLANG_WARN_OBJC_ROOT_CLASS = YES_ERROR;
				CLANG_WARN_QUOTED_INCLUDE_IN_FRAMEWORK_HEADER = YES;
				CLANG_WARN_RANGE_LOOP_ANALYSIS = YES;
				CLANG_WARN_STRICT_PROTOTYPES = YES;
				CLANG_WARN_SUSPICIOUS_MOVE = YES;
				CLANG_WARN_UNGUARDED_AVAILABILITY = YES_AGGRESSIVE;
				CLANG_WARN_UNREACHABLE_CODE = YES;
				CLANG_WARN__DUPLICATE_METHOD_MATCH = YES;
				COPY_PHASE_STRIP = NO;
				DEBUG_INFORMATION_FORMAT = dwarf;
				ENABLE_STRICT_OBJC_MSGSEND = YES;
				ENABLE_TESTABILITY = YES;
				ENABLE_USER_SCRIPT_SANDBOXING = YES;
				GCC_C_LANGUAGE_STANDARD = gnu17;
				GCC_DYNAMIC_NO_PIC = NO;
				GCC_NO_COMMON_BLOCKS = YES;
				GCC_OPTIMIZATION_LEVEL = 0;
				GCC_PREPROCESSOR_DEFINITIONS = (
					"DEBUG=1",
					"$(inherited)",
				);
				GCC_WARN_64_TO_32_BIT_CONVERSION = YES;
				GCC_WARN_ABOUT_RETURN_TYPE = YES_ERROR;
				GCC_WARN_UNDECLARED_SELECTOR = YES;
				GCC_WARN_UNINITIALIZED_AUTOS = YES_AGGRESSIVE;
				GCC_WARN_UNUSED_FUNCTION = YES;
				GCC_WARN_UNUSED_VARIABLE = YES;
				IPHONEOS_DEPLOYMENT_TARGET = 17.5;
				LOCALIZATION_PREFERS_STRING_CATALOGS = YES;
				MTL_ENABLE_DEBUG_INFO = INCLUDE_SOURCE;
				MTL_FAST_MATH = YES;
				ONLY_ACTIVE_ARCH = YES;
				SDKROOT = iphoneos;
				SWIFT_ACTIVE_COMPILATION_CONDITIONS = "DEBUG $(inherited)";
				SWIFT_OPTIMIZATION_LEVEL = "-Onone";
			};
			name = Debug;
		};
		7BD00E672BFEEDAD002C1F23 /* Release */ = {
			isa = XCBuildConfiguration;
			buildSettings = {
				ALWAYS_SEARCH_USER_PATHS = NO;
				ASSETCATALOG_COMPILER_GENERATE_SWIFT_ASSET_SYMBOL_EXTENSIONS = YES;
				CLANG_ANALYZER_NONNULL = YES;
				CLANG_ANALYZER_NUMBER_OBJECT_CONVERSION = YES_AGGRESSIVE;
				CLANG_CXX_LANGUAGE_STANDARD = "gnu++20";
				CLANG_ENABLE_MODULES = YES;
				CLANG_ENABLE_OBJC_ARC = YES;
				CLANG_ENABLE_OBJC_WEAK = YES;
				CLANG_WARN_BLOCK_CAPTURE_AUTORELEASING = YES;
				CLANG_WARN_BOOL_CONVERSION = YES;
				CLANG_WARN_COMMA = YES;
				CLANG_WARN_CONSTANT_CONVERSION = YES;
				CLANG_WARN_DEPRECATED_OBJC_IMPLEMENTATIONS = YES;
				CLANG_WARN_DIRECT_OBJC_ISA_USAGE = YES_ERROR;
				CLANG_WARN_DOCUMENTATION_COMMENTS = YES;
				CLANG_WARN_EMPTY_BODY = YES;
				CLANG_WARN_ENUM_CONVERSION = YES;
				CLANG_WARN_INFINITE_RECURSION = YES;
				CLANG_WARN_INT_CONVERSION = YES;
				CLANG_WARN_NON_LITERAL_NULL_CONVERSION = YES;
				CLANG_WARN_OBJC_IMPLICIT_RETAIN_SELF = YES;
				CLANG_WARN_OBJC_LITERAL_CONVERSION = YES;
				CLANG_WARN_OBJC_ROOT_CLASS = YES_ERROR;
				CLANG_WARN_QUOTED_INCLUDE_IN_FRAMEWORK_HEADER = YES;
				CLANG_WARN_RANGE_LOOP_ANALYSIS = YES;
				CLANG_WARN_STRICT_PROTOTYPES = YES;
				CLANG_WARN_SUSPICIOUS_MOVE = YES;
				CLANG_WARN_UNGUARDED_AVAILABILITY = YES_AGGRESSIVE;
				CLANG_WARN_UNREACHABLE_CODE = YES;
				CLANG_WARN__DUPLICATE_METHOD_MATCH = YES;
				COPY_PHASE_STRIP = NO;
				DEBUG_INFORMATION_FORMAT = "dwarf-with-dsym";
				ENABLE_NS_ASSERTIONS = NO;
				ENABLE_STRICT_OBJC_MSGSEND = YES;
				ENABLE_USER_SCRIPT_SANDBOXING = YES;
				GCC_C_LANGUAGE_STANDARD = gnu17;
				GCC_NO_COMMON_BLOCKS = YES;
				GCC_WARN_64_TO_32_BIT_CONVERSION = YES;
				GCC_WARN_ABOUT_RETURN_TYPE = YES_ERROR;
				GCC_WARN_UNDECLARED_SELECTOR = YES;
				GCC_WARN_UNINITIALIZED_AUTOS = YES_AGGRESSIVE;
				GCC_WARN_UNUSED_FUNCTION = YES;
				GCC_WARN_UNUSED_VARIABLE = YES;
				IPHONEOS_DEPLOYMENT_TARGET = 17.5;
				LOCALIZATION_PREFERS_STRING_CATALOGS = YES;
				MTL_ENABLE_DEBUG_INFO = NO;
				MTL_FAST_MATH = YES;
				SDKROOT = iphoneos;
				SWIFT_COMPILATION_MODE = wholemodule;
				VALIDATE_PRODUCT = YES;
			};
			name = Release;
		};
		7BD00E692BFEEDAD002C1F23 /* Debug */ = {
			isa = XCBuildConfiguration;
			buildSettings = {
				ASSETCATALOG_COMPILER_APPICON_NAME = AppIcon;
				ASSETCATALOG_COMPILER_GLOBAL_ACCENT_COLOR_NAME = AccentColor;
				CODE_SIGN_STYLE = Automatic;
				CURRENT_PROJECT_VERSION = 1;
				DEVELOPMENT_ASSET_PATHS = "\"speach/Preview Content\"";
				DEVELOPMENT_TEAM = 7ZR8228W34;
				ENABLE_PREVIEWS = YES;
				GENERATE_INFOPLIST_FILE = YES;
				INFOPLIST_KEY_UIApplicationSceneManifest_Generation = YES;
				INFOPLIST_KEY_UIApplicationSupportsIndirectInputEvents = YES;
				INFOPLIST_KEY_UILaunchScreen_Generation = YES;
				INFOPLIST_KEY_UISupportedInterfaceOrientations_iPad = "UIInterfaceOrientationPortrait UIInterfaceOrientationPortraitUpsideDown UIInterfaceOrientationLandscapeLeft UIInterfaceOrientationLandscapeRight";
				INFOPLIST_KEY_UISupportedInterfaceOrientations_iPhone = "UIInterfaceOrientationPortrait UIInterfaceOrientationLandscapeLeft UIInterfaceOrientationLandscapeRight";
				LD_RUNPATH_SEARCH_PATHS = (
					"$(inherited)",
					"@executable_path/Frameworks",
				);
				MARKETING_VERSION = 1.0;
				PRODUCT_BUNDLE_IDENTIFIER = test.vviia.speach;
				PRODUCT_NAME = "$(TARGET_NAME)";
				SWIFT_EMIT_LOC_STRINGS = YES;
				SWIFT_VERSION = 5.0;
				TARGETED_DEVICE_FAMILY = "1,2";
			};
			name = Debug;
		};
		7BD00E6A2BFEEDAD002C1F23 /* Release */ = {
			isa = XCBuildConfiguration;
			buildSettings = {
				ASSETCATALOG_COMPILER_APPICON_NAME = AppIcon;
				ASSETCATALOG_COMPILER_GLOBAL_ACCENT_COLOR_NAME = AccentColor;
				CODE_SIGN_STYLE = Automatic;
				CURRENT_PROJECT_VERSION = 1;
				DEVELOPMENT_ASSET_PATHS = "\"speach/Preview Content\"";
				DEVELOPMENT_TEAM = 7ZR8228W34;
				ENABLE_PREVIEWS = YES;
				GENERATE_INFOPLIST_FILE = YES;
				INFOPLIST_KEY_UIApplicationSceneManifest_Generation = YES;
				INFOPLIST_KEY_UIApplicationSupportsIndirectInputEvents = YES;
				INFOPLIST_KEY_UILaunchScreen_Generation = YES;
				INFOPLIST_KEY_UISupportedInterfaceOrientations_iPad = "UIInterfaceOrientationPortrait UIInterfaceOrientationPortraitUpsideDown UIInterfaceOrientationLandscapeLeft UIInterfaceOrientationLandscapeRight";
				INFOPLIST_KEY_UISupportedInterfaceOrientations_iPhone = "UIInterfaceOrientationPortrait UIInterfaceOrientationLandscapeLeft UIInterfaceOrientationLandscapeRight";
				LD_RUNPATH_SEARCH_PATHS = (
					"$(inherited)",
					"@executable_path/Frameworks",
				);
				MARKETING_VERSION = 1.0;
				PRODUCT_BUNDLE_IDENTIFIER = test.vviia.speach;
				PRODUCT_NAME = "$(TARGET_NAME)";
				SWIFT_EMIT_LOC_STRINGS = YES;
				SWIFT_VERSION = 5.0;
				TARGETED_DEVICE_FAMILY = "1,2";
			};
			name = Release;
		};
/* End XCBuildConfiguration section */

/* Begin XCConfigurationList section */
		7BD00E552BFEEDAB002C1F23 /* Build configuration list for PBXProject "speach" */ = {
			isa = XCConfigurationList;
			buildConfigurations = (
				7BD00E662BFEEDAD002C1F23 /* Debug */,
				7BD00E672BFEEDAD002C1F23 /* Release */,
			);
			defaultConfigurationIsVisible = 0;
			defaultConfigurationName = Release;
		};
		7BD00E682BFEEDAD002C1F23 /* Build configuration list for PBXNativeTarget "speach" */ = {
			isa = XCConfigurationList;
			buildConfigurations = (
				7BD00E692BFEEDAD002C1F23 /* Debug */,
				7BD00E6A2BFEEDAD002C1F23 /* Release */,
			);
			defaultConfigurationIsVisible = 0;
			defaultConfigurationName = Release;
		};
/* End XCConfigurationList section */

/* Begin XCRemoteSwiftPackageReference section */
		7B357B862C0B5FA00005EBAA /* XCRemoteSwiftPackageReference "firebase-ios-sdk" */ = {
			isa = XCRemoteSwiftPackageReference;
			repositoryURL = "https://github.com/firebase/firebase-ios-sdk.git";
			requirement = {
				kind = upToNextMajorVersion;
				minimumVersion = 10.27.0;
			};
		};
/* End XCRemoteSwiftPackageReference section */

/* Begin XCSwiftPackageProductDependency section */
		7B357B872C0B5FA00005EBAA /* FirebaseAnalytics */ = {
			isa = XCSwiftPackageProductDependency;
			package = 7B357B862C0B5FA00005EBAA /* XCRemoteSwiftPackageReference "firebase-ios-sdk" */;
			productName = FirebaseAnalytics;
		};
		7B357B892C0B5FA00005EBAA /* FirebaseAnalyticsOnDeviceConversion */ = {
			isa = XCSwiftPackageProductDependency;
			package = 7B357B862C0B5FA00005EBAA /* XCRemoteSwiftPackageReference "firebase-ios-sdk" */;
			productName = FirebaseAnalyticsOnDeviceConversion;
		};
		7B357B8B2C0B5FA00005EBAA /* FirebaseAnalyticsSwift */ = {
			isa = XCSwiftPackageProductDependency;
			package = 7B357B862C0B5FA00005EBAA /* XCRemoteSwiftPackageReference "firebase-ios-sdk" */;
			productName = FirebaseAnalyticsSwift;
		};
		7B357B8D2C0B5FA00005EBAA /* FirebaseAnalyticsWithoutAdIdSupport */ = {
			isa = XCSwiftPackageProductDependency;
			package = 7B357B862C0B5FA00005EBAA /* XCRemoteSwiftPackageReference "firebase-ios-sdk" */;
			productName = FirebaseAnalyticsWithoutAdIdSupport;
		};
		7B357B8F2C0B5FA00005EBAA /* FirebaseAppCheck */ = {
			isa = XCSwiftPackageProductDependency;
			package = 7B357B862C0B5FA00005EBAA /* XCRemoteSwiftPackageReference "firebase-ios-sdk" */;
			productName = FirebaseAppCheck;
		};
		7B357B912C0B5FA00005EBAA /* FirebaseAppDistribution-Beta */ = {
			isa = XCSwiftPackageProductDependency;
			package = 7B357B862C0B5FA00005EBAA /* XCRemoteSwiftPackageReference "firebase-ios-sdk" */;
			productName = "FirebaseAppDistribution-Beta";
		};
		7B357B932C0B5FA00005EBAA /* FirebaseAuth */ = {
			isa = XCSwiftPackageProductDependency;
			package = 7B357B862C0B5FA00005EBAA /* XCRemoteSwiftPackageReference "firebase-ios-sdk" */;
			productName = FirebaseAuth;
		};
		7B357B952C0B5FA00005EBAA /* FirebaseAuthCombine-Community */ = {
			isa = XCSwiftPackageProductDependency;
			package = 7B357B862C0B5FA00005EBAA /* XCRemoteSwiftPackageReference "firebase-ios-sdk" */;
			productName = "FirebaseAuthCombine-Community";
		};
		7B357B972C0B5FA00005EBAA /* FirebaseCrashlytics */ = {
			isa = XCSwiftPackageProductDependency;
			package = 7B357B862C0B5FA00005EBAA /* XCRemoteSwiftPackageReference "firebase-ios-sdk" */;
			productName = FirebaseCrashlytics;
		};
		7B357B992C0B5FA00005EBAA /* FirebaseDatabase */ = {
			isa = XCSwiftPackageProductDependency;
			package = 7B357B862C0B5FA00005EBAA /* XCRemoteSwiftPackageReference "firebase-ios-sdk" */;
			productName = FirebaseDatabase;
		};
		7B357B9B2C0B5FA00005EBAA /* FirebaseDatabaseSwift */ = {
			isa = XCSwiftPackageProductDependency;
			package = 7B357B862C0B5FA00005EBAA /* XCRemoteSwiftPackageReference "firebase-ios-sdk" */;
			productName = FirebaseDatabaseSwift;
		};
		7B357B9D2C0B5FA00005EBAA /* FirebaseDynamicLinks */ = {
			isa = XCSwiftPackageProductDependency;
			package = 7B357B862C0B5FA00005EBAA /* XCRemoteSwiftPackageReference "firebase-ios-sdk" */;
			productName = FirebaseDynamicLinks;
		};
		7B357B9F2C0B5FA00005EBAA /* FirebaseFirestore */ = {
			isa = XCSwiftPackageProductDependency;
			package = 7B357B862C0B5FA00005EBAA /* XCRemoteSwiftPackageReference "firebase-ios-sdk" */;
			productName = FirebaseFirestore;
		};
		7B357BA12C0B5FA00005EBAA /* FirebaseFirestoreCombine-Community */ = {
			isa = XCSwiftPackageProductDependency;
			package = 7B357B862C0B5FA00005EBAA /* XCRemoteSwiftPackageReference "firebase-ios-sdk" */;
			productName = "FirebaseFirestoreCombine-Community";
		};
		7B357BA32C0B5FA00005EBAA /* FirebaseFirestoreSwift */ = {
			isa = XCSwiftPackageProductDependency;
			package = 7B357B862C0B5FA00005EBAA /* XCRemoteSwiftPackageReference "firebase-ios-sdk" */;
			productName = FirebaseFirestoreSwift;
		};
		7B357BA52C0B5FA00005EBAA /* FirebaseFunctions */ = {
			isa = XCSwiftPackageProductDependency;
			package = 7B357B862C0B5FA00005EBAA /* XCRemoteSwiftPackageReference "firebase-ios-sdk" */;
			productName = FirebaseFunctions;
		};
		7B357BA72C0B5FA00005EBAA /* FirebaseFunctionsCombine-Community */ = {
			isa = XCSwiftPackageProductDependency;
			package = 7B357B862C0B5FA00005EBAA /* XCRemoteSwiftPackageReference "firebase-ios-sdk" */;
			productName = "FirebaseFunctionsCombine-Community";
		};
		7B357BA92C0B5FA00005EBAA /* FirebaseInAppMessaging-Beta */ = {
			isa = XCSwiftPackageProductDependency;
			package = 7B357B862C0B5FA00005EBAA /* XCRemoteSwiftPackageReference "firebase-ios-sdk" */;
			productName = "FirebaseInAppMessaging-Beta";
		};
		7B357BAB2C0B5FA00005EBAA /* FirebaseInAppMessagingSwift-Beta */ = {
			isa = XCSwiftPackageProductDependency;
			package = 7B357B862C0B5FA00005EBAA /* XCRemoteSwiftPackageReference "firebase-ios-sdk" */;
			productName = "FirebaseInAppMessagingSwift-Beta";
		};
		7B357BAD2C0B5FA00005EBAA /* FirebaseInstallations */ = {
			isa = XCSwiftPackageProductDependency;
			package = 7B357B862C0B5FA00005EBAA /* XCRemoteSwiftPackageReference "firebase-ios-sdk" */;
			productName = FirebaseInstallations;
		};
		7B357BAF2C0B5FA00005EBAA /* FirebaseStorage */ = {
			isa = XCSwiftPackageProductDependency;
			package = 7B357B862C0B5FA00005EBAA /* XCRemoteSwiftPackageReference "firebase-ios-sdk" */;
			productName = FirebaseStorage;
		};
/* End XCSwiftPackageProductDependency section */
	};
	rootObject = 7BD00E522BFEEDAB002C1F23 /* Project object */;
}
